
Microsoft Visual Studio Solution File, Format Version 12.00
# Visual Studio Version 17
VisualStudioVersion = 17.0.31903.59
MinimumVisualStudioVersion = 10.0.40219.1
Project("{9A19103F-16F7-4668-BE54-9A1E7A4F7556}") = "TaroDSA.Lib", "TaroDSA.Lib\TaroDSA.Lib.csproj", "{9CF1B2F8-44EA-4BA2-9DA0-A09539AA0A4E}"
EndProject
Project("{9A19103F-16F7-4668-BE54-9A1E7A4F7556}") = "TaroDSA.Tests", "TaroDSA.Tests\TaroDSA.Tests.csproj", "{B8B71B9B-6F55-4742-BBAF-4D218D90C108}"
EndProject
Global
	GlobalSection(SolutionConfigurationPlatforms) = preSolution
		Debug|Any CPU = Debug|Any CPU
		Release|Any CPU = Release|Any CPU
	EndGlobalSection
	GlobalSection(ProjectConfigurationPlatforms) = postSolution
		{9CF1B2F8-44EA-4BA2-9DA0-A09539AA0A4E}.Debug|Any CPU.ActiveCfg = Debug|Any CPU
		{9CF1B2F8-44EA-4BA2-9DA0-A09539AA0A4E}.Debug|Any CPU.Build.0 = Debug|Any CPU
		{9CF1B2F8-44EA-4BA2-9DA0-A09539AA0A4E}.Release|Any CPU.ActiveCfg = Release|Any CPU
		{9CF1B2F8-44EA-4BA2-9DA0-A09539AA0A4E}.Release|Any CPU.Build.0 = Release|Any CPU
		{B8B71B9B-6F55-4742-BBAF-4D218D90C108}.Debug|Any CPU.ActiveCfg = Debug|Any CPU
		{B8B71B9B-6F55-4742-BBAF-4D218D90C108}.Debug|Any CPU.Build.0 = Debug|Any CPU
		{B8B71B9B-6F55-4742-BBAF-4D218D90C108}.Release|Any CPU.ActiveCfg = Release|Any CPU
		{B8B71B9B-6F55-4742-BBAF-4D218D90C108}.Release|Any CPU.Build.0 = Release|Any CPU
	EndGlobalSection
	GlobalSection(SolutionProperties) = preSolution
		HideSolutionNode = FALSE
	EndGlobalSection
	GlobalSection(ExtensibilityGlobals) = postSolution
		SolutionGuid = {899ADF14-F7B8-4546-A23C-4E3B2740B750}
	EndGlobalSection
EndGlobal
